// !$*UTF8*$!
{
	archiveVersion = 1;
	classes = {
	};
	objectVersion = 56;
	objects = {

/* Begin PBXBuildFile section */
		FA0656C22BE1243800F1456C /* Human readable duration format.swift in Sources */ = {isa = PBXBuildFile; fileRef = FA0656C12BE1243800F1456C /* Human readable duration format.swift */; };
		FA14F7CA2BDFBFDF00AD4B46 /* Roman Numerals Helper.swift in Sources */ = {isa = PBXBuildFile; fileRef = FA14F7C92BDFBFDF00AD4B46 /* Roman Numerals Helper.swift */; };
		FA1C2E5C2BDE786B002307D0 /* Primorial Of a Number.swift in Sources */ = {isa = PBXBuildFile; fileRef = FA1C2E5B2BDE786B002307D0 /* Primorial Of a Number.swift */; };
		FA3674542BE3C4A7006BAE3A /* Opposite number.swift in Sources */ = {isa = PBXBuildFile; fileRef = FA3674532BE3C4A7006BAE3A /* Opposite number.swift */; };
		FA740A8D2BE553FF00DD5943 /* Beginner - Reduce but Grow.swift in Sources */ = {isa = PBXBuildFile; fileRef = FA740A8C2BE553FF00DD5943 /* Beginner - Reduce but Grow.swift */; };
		FA75F6FF2BE27B1F004F6DEB /* Reversed sequence.swift in Sources */ = {isa = PBXBuildFile; fileRef = FA75F6FE2BE27B1F004F6DEB /* Reversed sequence.swift */; };
		FA944D9A2BDD117B00329949 /* main.swift in Sources */ = {isa = PBXBuildFile; fileRef = FA944D992BDD117B00329949 /* main.swift */; };
		FA944DA22BDD11F300329949 /* Bit Counting.swift in Sources */ = {isa = PBXBuildFile; fileRef = FA944DA12BDD11F300329949 /* Bit Counting.swift */; };
		FA944DA42BDD12DA00329949 /* Find the unique number.swift in Sources */ = {isa = PBXBuildFile; fileRef = FA944DA32BDD12DA00329949 /* Find the unique number.swift */; };
		FA944DA82BDD136C00329949 /* Number of trailing zeros of N!.swift in Sources */ = {isa = PBXBuildFile; fileRef = FA944DA72BDD136C00329949 /* Number of trailing zeros of N!.swift */; };
		FA944DAA2BDD13CF00329949 /* int32 to IPv4.swift in Sources */ = {isa = PBXBuildFile; fileRef = FA944DA92BDD13CF00329949 /* int32 to IPv4.swift */; };
		FA944DAC2BDD146100329949 /* Split Strings.swift in Sources */ = {isa = PBXBuildFile; fileRef = FA944DAB2BDD146100329949 /* Split Strings.swift */; };
		FA944DAE2BDD14B300329949 /* Sum of Digits : Digital Root.swift in Sources */ = {isa = PBXBuildFile; fileRef = FA944DAD2BDD14B300329949 /* Sum of Digits : Digital Root.swift */; };
		FA944DB02BDD15E600329949 /* Roman Numerals Decoder.swift in Sources */ = {isa = PBXBuildFile; fileRef = FA944DAF2BDD15E600329949 /* Roman Numerals Decoder.swift */; };
		FAFB8FB62BE6B99C00DC273D /* Sum The Strings.swift in Sources */ = {isa = PBXBuildFile; fileRef = FAFB8FB52BE6B99C00DC273D /* Sum The Strings.swift */; };
/* End PBXBuildFile section */

/* Begin PBXCopyFilesBuildPhase section */
		FA944D942BDD117B00329949 /* CopyFiles */ = {
			isa = PBXCopyFilesBuildPhase;
			buildActionMask = 2147483647;
			dstPath = /usr/share/man/man1/;
			dstSubfolderSpec = 0;
			files = (
			);
			runOnlyForDeploymentPostprocessing = 1;
		};
/* End PBXCopyFilesBuildPhase section */

/* Begin PBXFileReference section */
		FA0656C12BE1243800F1456C /* Human readable duration format.swift */ = {isa = PBXFileReference; lastKnownFileType = sourcecode.swift; path = "Human readable duration format.swift"; sourceTree = "<group>"; };
		FA14F7C92BDFBFDF00AD4B46 /* Roman Numerals Helper.swift */ = {isa = PBXFileReference; lastKnownFileType = sourcecode.swift; path = "Roman Numerals Helper.swift"; sourceTree = "<group>"; };
		FA1C2E5B2BDE786B002307D0 /* Primorial Of a Number.swift */ = {isa = PBXFileReference; lastKnownFileType = sourcecode.swift; path = "Primorial Of a Number.swift"; sourceTree = "<group>"; };
		FA3674532BE3C4A7006BAE3A /* Opposite number.swift */ = {isa = PBXFileReference; lastKnownFileType = sourcecode.swift; path = "Opposite number.swift"; sourceTree = "<group>"; };
		FA740A8C2BE553FF00DD5943 /* Beginner - Reduce but Grow.swift */ = {isa = PBXFileReference; lastKnownFileType = sourcecode.swift; path = "Beginner - Reduce but Grow.swift"; sourceTree = "<group>"; };
		FA75F6FE2BE27B1F004F6DEB /* Reversed sequence.swift */ = {isa = PBXFileReference; lastKnownFileType = sourcecode.swift; path = "Reversed sequence.swift"; sourceTree = "<group>"; };
		FA944D962BDD117B00329949 /* CodeWarsTasks */ = {isa = PBXFileReference; explicitFileType = "compiled.mach-o.executable"; includeInIndex = 0; path = CodeWarsTasks; sourceTree = BUILT_PRODUCTS_DIR; };
		FA944D992BDD117B00329949 /* main.swift */ = {isa = PBXFileReference; lastKnownFileType = sourcecode.swift; path = main.swift; sourceTree = "<group>"; };
		FA944DA12BDD11F300329949 /* Bit Counting.swift */ = {isa = PBXFileReference; lastKnownFileType = sourcecode.swift; path = "Bit Counting.swift"; sourceTree = "<group>"; };
		FA944DA32BDD12DA00329949 /* Find the unique number.swift */ = {isa = PBXFileReference; lastKnownFileType = sourcecode.swift; path = "Find the unique number.swift"; sourceTree = "<group>"; };
		FA944DA72BDD136C00329949 /* Number of trailing zeros of N!.swift */ = {isa = PBXFileReference; lastKnownFileType = sourcecode.swift; path = "Number of trailing zeros of N!.swift"; sourceTree = "<group>"; };
		FA944DA92BDD13CF00329949 /* int32 to IPv4.swift */ = {isa = PBXFileReference; lastKnownFileType = sourcecode.swift; path = "int32 to IPv4.swift"; sourceTree = "<group>"; };
		FA944DAB2BDD146100329949 /* Split Strings.swift */ = {isa = PBXFileReference; lastKnownFileType = sourcecode.swift; path = "Split Strings.swift"; sourceTree = "<group>"; };
		FA944DAD2BDD14B300329949 /* Sum of Digits : Digital Root.swift */ = {isa = PBXFileReference; lastKnownFileType = sourcecode.swift; path = "Sum of Digits : Digital Root.swift"; sourceTree = "<group>"; };
		FA944DAF2BDD15E600329949 /* Roman Numerals Decoder.swift */ = {isa = PBXFileReference; lastKnownFileType = sourcecode.swift; path = "Roman Numerals Decoder.swift"; sourceTree = "<group>"; };
		FAFB8FB52BE6B99C00DC273D /* Sum The Strings.swift */ = {isa = PBXFileReference; lastKnownFileType = sourcecode.swift; path = "Sum The Strings.swift"; sourceTree = "<group>"; };
/* End PBXFileReference section */

/* Begin PBXFrameworksBuildPhase section */
		FA944D932BDD117B00329949 /* Frameworks */ = {
			isa = PBXFrameworksBuildPhase;
			buildActionMask = 2147483647;
			files = (
			);
			runOnlyForDeploymentPostprocessing = 0;
		};
/* End PBXFrameworksBuildPhase section */

/* Begin PBXGroup section */
		FA14F7C82BDFBFB100AD4B46 /* 4 Key */ = {
			isa = PBXGroup;
			children = (
				FA14F7C92BDFBFDF00AD4B46 /* Roman Numerals Helper.swift */,
				FA0656C12BE1243800F1456C /* Human readable duration format.swift */,
			);
			path = "4 Key";
			sourceTree = "<group>";
		};
		FA75F6FD2BE27AEF004F6DEB /* 8 kyu */ = {
			isa = PBXGroup;
			children = (
				FA75F6FE2BE27B1F004F6DEB /* Reversed sequence.swift */,
				FA3674532BE3C4A7006BAE3A /* Opposite number.swift */,
				FA740A8C2BE553FF00DD5943 /* Beginner - Reduce but Grow.swift */,
				FAFB8FB52BE6B99C00DC273D /* Sum The Strings.swift */,
			);
			path = "8 kyu";
			sourceTree = "<group>";
		};
		FA944D8D2BDD117A00329949 = {
			isa = PBXGroup;
			children = (
				FA944D982BDD117B00329949 /* CodeWarsTasks */,
				FA944D972BDD117B00329949 /* Products */,
			);
			sourceTree = "<group>";
		};
		FA944D972BDD117B00329949 /* Products */ = {
			isa = PBXGroup;
			children = (
				FA944D962BDD117B00329949 /* CodeWarsTasks */,
			);
			name = Products;
			sourceTree = "<group>";
		};
		FA944D982BDD117B00329949 /* CodeWarsTasks */ = {
			isa = PBXGroup;
			children = (
				FA944D992BDD117B00329949 /* main.swift */,
				FA75F6FD2BE27AEF004F6DEB /* 8 kyu */,
				FA944DA02BDD11D300329949 /* 6 Kyu */,
				FA944DA62BDD135700329949 /* 5 Kyu */,
				FA14F7C82BDFBFB100AD4B46 /* 4 Key */,
			);
			path = CodeWarsTasks;
			sourceTree = "<group>";
		};
		FA944DA02BDD11D300329949 /* 6 Kyu */ = {
			isa = PBXGroup;
			children = (
				FA944DA12BDD11F300329949 /* Bit Counting.swift */,
				FA944DA32BDD12DA00329949 /* Find the unique number.swift */,
				FA944DAB2BDD146100329949 /* Split Strings.swift */,
				FA944DAD2BDD14B300329949 /* Sum of Digits : Digital Root.swift */,
				FA944DAF2BDD15E600329949 /* Roman Numerals Decoder.swift */,
				FA1C2E5B2BDE786B002307D0 /* Primorial Of a Number.swift */,
			);
			path = "6 Kyu";
			sourceTree = "<group>";
		};
		FA944DA62BDD135700329949 /* 5 Kyu */ = {
			isa = PBXGroup;
			children = (
				FA944DA72BDD136C00329949 /* Number of trailing zeros of N!.swift */,
				FA944DA92BDD13CF00329949 /* int32 to IPv4.swift */,
			);
			path = "5 Kyu";
			sourceTree = "<group>";
		};
/* End PBXGroup section */

/* Begin PBXNativeTarget section */
		FA944D952BDD117B00329949 /* CodeWarsTasks */ = {
			isa = PBXNativeTarget;
			buildConfigurationList = FA944D9D2BDD117B00329949 /* Build configuration list for PBXNativeTarget "CodeWarsTasks" */;
			buildPhases = (
				FA944D922BDD117B00329949 /* Sources */,
				FA944D932BDD117B00329949 /* Frameworks */,
				FA944D942BDD117B00329949 /* CopyFiles */,
			);
			buildRules = (
			);
			dependencies = (
			);
			name = CodeWarsTasks;
			productName = CodeWarsTasks;
			productReference = FA944D962BDD117B00329949 /* CodeWarsTasks */;
			productType = "com.apple.product-type.tool";
		};
/* End PBXNativeTarget section */

/* Begin PBXProject section */
		FA944D8E2BDD117A00329949 /* Project object */ = {
			isa = PBXProject;
			attributes = {
				BuildIndependentTargetsInParallel = 1;
				LastSwiftUpdateCheck = 1420;
				LastUpgradeCheck = 1420;
				TargetAttributes = {
					FA944D952BDD117B00329949 = {
						CreatedOnToolsVersion = 14.2;
					};
				};
			};
			buildConfigurationList = FA944D912BDD117B00329949 /* Build configuration list for PBXProject "CodeWarsTasks" */;
			compatibilityVersion = "Xcode 14.0";
			developmentRegion = en;
			hasScannedForEncodings = 0;
			knownRegions = (
				en,
				Base,
			);
			mainGroup = FA944D8D2BDD117A00329949;
			productRefGroup = FA944D972BDD117B00329949 /* Products */;
			projectDirPath = "";
			projectRoot = "";
			targets = (
				FA944D952BDD117B00329949 /* CodeWarsTasks */,
			);
		};
/* End PBXProject section */

/* Begin PBXSourcesBuildPhase section */
		FA944D922BDD117B00329949 /* Sources */ = {
			isa = PBXSourcesBuildPhase;
			buildActionMask = 2147483647;
			files = (
				FA3674542BE3C4A7006BAE3A /* Opposite number.swift in Sources */,
				FA14F7CA2BDFBFDF00AD4B46 /* Roman Numerals Helper.swift in Sources */,
				FA740A8D2BE553FF00DD5943 /* Beginner - Reduce but Grow.swift in Sources */,
				FA944D9A2BDD117B00329949 /* main.swift in Sources */,
				FA1C2E5C2BDE786B002307D0 /* Primorial Of a Number.swift in Sources */,
				FA0656C22BE1243800F1456C /* Human readable duration format.swift in Sources */,
				FA944DA22BDD11F300329949 /* Bit Counting.swift in Sources */,
				FA944DAE2BDD14B300329949 /* Sum of Digits : Digital Root.swift in Sources */,
				FA944DB02BDD15E600329949 /* Roman Numerals Decoder.swift in Sources */,
				FA944DAC2BDD146100329949 /* Split Strings.swift in Sources */,
				FA944DA82BDD136C00329949 /* Number of trailing zeros of N!.swift in Sources */,
				FAFB8FB62BE6B99C00DC273D /* Sum The Strings.swift in Sources */,
				FA75F6FF2BE27B1F004F6DEB /* Reversed sequence.swift in Sources */,
				FA944DA42BDD12DA00329949 /* Find the unique number.swift in Sources */,
				FA944DAA2BDD13CF00329949 /* int32 to IPv4.swift in Sources */,
			);
			runOnlyForDeploymentPostprocessing = 0;
		};
/* End PBXSourcesBuildPhase section */

/* Begin XCBuildConfiguration section */
		FA944D9B2BDD117B00329949 /* Debug */ = {
			isa = XCBuildConfiguration;
			buildSettings = {
				ALWAYS_SEARCH_USER_PATHS = NO;
				CLANG_ANALYZER_NONNULL = YES;
				CLANG_ANALYZER_NUMBER_OBJECT_CONVERSION = YES_AGGRESSIVE;
				CLANG_CXX_LANGUAGE_STANDARD = "gnu++20";
				CLANG_ENABLE_MODULES = YES;
				CLANG_ENABLE_OBJC_ARC = YES;
				CLANG_ENABLE_OBJC_WEAK = YES;
				CLANG_WARN_BLOCK_CAPTURE_AUTORELEASING = YES;
				CLANG_WARN_BOOL_CONVERSION = YES;
				CLANG_WARN_COMMA = YES;
				CLANG_WARN_CONSTANT_CONVERSION = YES;
				CLANG_WARN_DEPRECATED_OBJC_IMPLEMENTATIONS = YES;
				CLANG_WARN_DIRECT_OBJC_ISA_USAGE = YES_ERROR;
				CLANG_WARN_DOCUMENTATION_COMMENTS = YES;
				CLANG_WARN_EMPTY_BODY = YES;
				CLANG_WARN_ENUM_CONVERSION = YES;
				CLANG_WARN_INFINITE_RECURSION = YES;
				CLANG_WARN_INT_CONVERSION = YES;
				CLANG_WARN_NON_LITERAL_NULL_CONVERSION = YES;
				CLANG_WARN_OBJC_IMPLICIT_RETAIN_SELF = YES;
				CLANG_WARN_OBJC_LITERAL_CONVERSION = YES;
				CLANG_WARN_OBJC_ROOT_CLASS = YES_ERROR;
				CLANG_WARN_QUOTED_INCLUDE_IN_FRAMEWORK_HEADER = YES;
				CLANG_WARN_RANGE_LOOP_ANALYSIS = YES;
				CLANG_WARN_STRICT_PROTOTYPES = YES;
				CLANG_WARN_SUSPICIOUS_MOVE = YES;
				CLANG_WARN_UNGUARDED_AVAILABILITY = YES_AGGRESSIVE;
				CLANG_WARN_UNREACHABLE_CODE = YES;
				CLANG_WARN__DUPLICATE_METHOD_MATCH = YES;
				COPY_PHASE_STRIP = NO;
				DEBUG_INFORMATION_FORMAT = dwarf;
				ENABLE_STRICT_OBJC_MSGSEND = YES;
				ENABLE_TESTABILITY = YES;
				GCC_C_LANGUAGE_STANDARD = gnu11;
				GCC_DYNAMIC_NO_PIC = NO;
				GCC_NO_COMMON_BLOCKS = YES;
				GCC_OPTIMIZATION_LEVEL = 0;
				GCC_PREPROCESSOR_DEFINITIONS = (
					"DEBUG=1",
					"$(inherited)",
				);
				GCC_WARN_64_TO_32_BIT_CONVERSION = YES;
				GCC_WARN_ABOUT_RETURN_TYPE = YES_ERROR;
				GCC_WARN_UNDECLARED_SELECTOR = YES;
				GCC_WARN_UNINITIALIZED_AUTOS = YES_AGGRESSIVE;
				GCC_WARN_UNUSED_FUNCTION = YES;
				GCC_WARN_UNUSED_VARIABLE = YES;
				MACOSX_DEPLOYMENT_TARGET = 12.7;
				MTL_ENABLE_DEBUG_INFO = INCLUDE_SOURCE;
				MTL_FAST_MATH = YES;
				ONLY_ACTIVE_ARCH = YES;
				SDKROOT = macosx;
				SWIFT_ACTIVE_COMPILATION_CONDITIONS = DEBUG;
				SWIFT_OPTIMIZATION_LEVEL = "-Onone";
			};
			name = Debug;
		};
		FA944D9C2BDD117B00329949 /* Release */ = {
			isa = XCBuildConfiguration;
			buildSettings = {
				ALWAYS_SEARCH_USER_PATHS = NO;
				CLANG_ANALYZER_NONNULL = YES;
				CLANG_ANALYZER_NUMBER_OBJECT_CONVERSION = YES_AGGRESSIVE;
				CLANG_CXX_LANGUAGE_STANDARD = "gnu++20";
				CLANG_ENABLE_MODULES = YES;
				CLANG_ENABLE_OBJC_ARC = YES;
				CLANG_ENABLE_OBJC_WEAK = YES;
				CLANG_WARN_BLOCK_CAPTURE_AUTORELEASING = YES;
				CLANG_WARN_BOOL_CONVERSION = YES;
				CLANG_WARN_COMMA = YES;
				CLANG_WARN_CONSTANT_CONVERSION = YES;
				CLANG_WARN_DEPRECATED_OBJC_IMPLEMENTATIONS = YES;
				CLANG_WARN_DIRECT_OBJC_ISA_USAGE = YES_ERROR;
				CLANG_WARN_DOCUMENTATION_COMMENTS = YES;
				CLANG_WARN_EMPTY_BODY = YES;
				CLANG_WARN_ENUM_CONVERSION = YES;
				CLANG_WARN_INFINITE_RECURSION = YES;
				CLANG_WARN_INT_CONVERSION = YES;
				CLANG_WARN_NON_LITERAL_NULL_CONVERSION = YES;
				CLANG_WARN_OBJC_IMPLICIT_RETAIN_SELF = YES;
				CLANG_WARN_OBJC_LITERAL_CONVERSION = YES;
				CLANG_WARN_OBJC_ROOT_CLASS = YES_ERROR;
				CLANG_WARN_QUOTED_INCLUDE_IN_FRAMEWORK_HEADER = YES;
				CLANG_WARN_RANGE_LOOP_ANALYSIS = YES;
				CLANG_WARN_STRICT_PROTOTYPES = YES;
				CLANG_WARN_SUSPICIOUS_MOVE = YES;
				CLANG_WARN_UNGUARDED_AVAILABILITY = YES_AGGRESSIVE;
				CLANG_WARN_UNREACHABLE_CODE = YES;
				CLANG_WARN__DUPLICATE_METHOD_MATCH = YES;
				COPY_PHASE_STRIP = NO;
				DEBUG_INFORMATION_FORMAT = "dwarf-with-dsym";
				ENABLE_NS_ASSERTIONS = NO;
				ENABLE_STRICT_OBJC_MSGSEND = YES;
				GCC_C_LANGUAGE_STANDARD = gnu11;
				GCC_NO_COMMON_BLOCKS = YES;
				GCC_WARN_64_TO_32_BIT_CONVERSION = YES;
				GCC_WARN_ABOUT_RETURN_TYPE = YES_ERROR;
				GCC_WARN_UNDECLARED_SELECTOR = YES;
				GCC_WARN_UNINITIALIZED_AUTOS = YES_AGGRESSIVE;
				GCC_WARN_UNUSED_FUNCTION = YES;
				GCC_WARN_UNUSED_VARIABLE = YES;
				MACOSX_DEPLOYMENT_TARGET = 12.7;
				MTL_ENABLE_DEBUG_INFO = NO;
				MTL_FAST_MATH = YES;
				SDKROOT = macosx;
				SWIFT_COMPILATION_MODE = wholemodule;
				SWIFT_OPTIMIZATION_LEVEL = "-O";
			};
			name = Release;
		};
		FA944D9E2BDD117B00329949 /* Debug */ = {
			isa = XCBuildConfiguration;
			buildSettings = {
				CODE_SIGN_STYLE = Automatic;
				DEVELOPMENT_TEAM = RD328L84B6;
				ENABLE_HARDENED_RUNTIME = YES;
				PRODUCT_NAME = "$(TARGET_NAME)";
				SWIFT_VERSION = 5.0;
			};
			name = Debug;
		};
		FA944D9F2BDD117B00329949 /* Release */ = {
			isa = XCBuildConfiguration;
			buildSettings = {
				CODE_SIGN_STYLE = Automatic;
				DEVELOPMENT_TEAM = RD328L84B6;
				ENABLE_HARDENED_RUNTIME = YES;
				PRODUCT_NAME = "$(TARGET_NAME)";
				SWIFT_VERSION = 5.0;
			};
			name = Release;
		};
/* End XCBuildConfiguration section */

/* Begin XCConfigurationList section */
		FA944D912BDD117B00329949 /* Build configuration list for PBXProject "CodeWarsTasks" */ = {
			isa = XCConfigurationList;
			buildConfigurations = (
				FA944D9B2BDD117B00329949 /* Debug */,
				FA944D9C2BDD117B00329949 /* Release */,
			);
			defaultConfigurationIsVisible = 0;
			defaultConfigurationName = Release;
		};
		FA944D9D2BDD117B00329949 /* Build configuration list for PBXNativeTarget "CodeWarsTasks" */ = {
			isa = XCConfigurationList;
			buildConfigurations = (
				FA944D9E2BDD117B00329949 /* Debug */,
				FA944D9F2BDD117B00329949 /* Release */,
			);
			defaultConfigurationIsVisible = 0;
			defaultConfigurationName = Release;
		};
/* End XCConfigurationList section */
	};
	rootObject = FA944D8E2BDD117A00329949 /* Project object */;
}
